{
  "name": "httprequester",
  "version": "1.0.0",
  "lockfileVersion": 1,
  "requires": true,
  "dependencies": {
    "@opentelemetry/api": {
      "version": "1.0.4",
      "resolved": "https://registry.npmjs.org/@opentelemetry/api/-/api-1.0.4.tgz",
      "integrity": "sha512-BuJuXRSJNQ3QoKA6GWWDyuLpOUck+9hAXNMCnrloc1aWVoy6Xq6t9PUV08aBZ4Lutqq2LEHM486bpZqoViScog=="
    },
    "@opentelemetry/api-metrics": {
      "version": "0.27.0",
      "resolved": "https://registry.npmjs.org/@opentelemetry/api-metrics/-/api-metrics-0.27.0.tgz",
      "integrity": "sha512-tB79288bwjkdhPNpw4UdOEy3bacVwtol6Que7cAu8KEJ9ULjRfSiwpYEwJY/oER3xZ7zNFz0uiJ7N1jSiotpVA=="
    },
    "@opentelemetry/context-async-hooks": {
      "version": "1.0.1",
      "resolved": "https://registry.npmjs.org/@opentelemetry/context-async-hooks/-/context-async-hooks-1.0.1.tgz",
      "integrity": "sha512-oGCPjDlZ03gXPAdLxw5iqaQJIpL8BZFaiZhAPgF7Vj6XYmrmrA/FXVIsjfNECQTa2D+lt5p8vf0xYIkFufgceQ=="
    },
    "@opentelemetry/core": {
      "version": "1.0.1",
      "resolved": "https://registry.npmjs.org/@opentelemetry/core/-/core-1.0.1.tgz",
      "integrity": "sha512-90nQ2X6b/8X+xjcLDBYKooAcOsIlwLRYm+1VsxcX5cHl6V4CSVmDpBreQSDH/A21SqROzapk6813008SatmPpQ==",
      "requires": {
        "@opentelemetry/semantic-conventions": "1.0.1"
      }
    },
    "@opentelemetry/exporter-trace-otlp-http": {
      "version": "0.27.0",
      "resolved": "https://registry.npmjs.org/@opentelemetry/exporter-trace-otlp-http/-/exporter-trace-otlp-http-0.27.0.tgz",
      "integrity": "sha512-ZE8Ns/GGW83E4igrby69shiqEkVo+cULzbm4DprSEMCWrPAL/NBobETFOiOQyBBBgIfrhi5EG6truUiafB1cMQ==",
      "requires": {
        "@opentelemetry/core": "1.0.1",
        "@opentelemetry/resources": "1.0.1",
        "@opentelemetry/sdk-trace-base": "1.0.1"
      }
    },
    "@opentelemetry/exporter-zipkin": {
      "version": "1.5.0",
      "resolved": "https://registry.npmjs.org/@opentelemetry/exporter-zipkin/-/exporter-zipkin-1.5.0.tgz",
      "integrity": "sha512-7PRffGKejxjJGeRNC3DTFnq2seMDmaJ4wHer8/wUs2Vy61BCLd7OEw7xU2mX7Uj++6zwAwDTlv0csgImkFOu8Q==",
      "requires": {
        "@opentelemetry/core": "1.5.0",
        "@opentelemetry/resources": "1.5.0",
        "@opentelemetry/sdk-trace-base": "1.5.0",
        "@opentelemetry/semantic-conventions": "1.5.0"
      },
      "dependencies": {
        "@opentelemetry/core": {
          "version": "1.5.0",
          "resolved": "https://registry.npmjs.org/@opentelemetry/core/-/core-1.5.0.tgz",
          "integrity": "sha512-B3DIMkQN0DANrr7XrMLS4pR6d2o/jqT09x4nZJz6wSJ9SHr4eQIqeFBNeEUQG1I+AuOcH2UbJtgFm7fKxLqd+w==",
          "requires": {
            "@opentelemetry/semantic-conventions": "1.5.0"
          }
        },
        "@opentelemetry/resources": {
          "version": "1.5.0",
          "resolved": "https://registry.npmjs.org/@opentelemetry/resources/-/resources-1.5.0.tgz",
          "integrity": "sha512-YeEfC6IY54U3xL3P2+UAiom+r50ZF2jM0J47RV5uTFGF19Xjd5zazSwDPgmxtAd6DwLX0/5S5iqrsH4nEXMYoA==",
          "requires": {
            "@opentelemetry/core": "1.5.0",
            "@opentelemetry/semantic-conventions": "1.5.0"
          }
        },
        "@opentelemetry/sdk-trace-base": {
          "version": "1.5.0",
          "resolved": "https://registry.npmjs.org/@opentelemetry/sdk-trace-base/-/sdk-trace-base-1.5.0.tgz",
          "integrity": "sha512-6lx7YDf67HSQYuWnvq3XgSrWikDJLiGCbrpUP6UWJ5Z47HLcJvwZPRH+cQGJu1DFS3dT2cV3GpAR75/OofPNHQ==",
          "requires": {
            "@opentelemetry/core": "1.5.0",
            "@opentelemetry/resources": "1.5.0",
            "@opentelemetry/semantic-conventions": "1.5.0"
          }
        },
        "@opentelemetry/semantic-conventions": {
          "version": "1.5.0",
          "resolved": "https://registry.npmjs.org/@opentelemetry/semantic-conventions/-/semantic-conventions-1.5.0.tgz",
          "integrity": "sha512-wlYG/U6ddW1ilXslnDLLQYJ8nd97W8JJTTfwkGhubx6dzW6SUkd+N4/MzTjjyZlrHQunxHtkHFvVpUKiROvFDw=="
        }
      }
    },
    "@opentelemetry/instrumentation": {
      "version": "0.27.0",
      "resolved": "https://registry.npmjs.org/@opentelemetry/instrumentation/-/instrumentation-0.27.0.tgz",
      "integrity": "sha512-dUwY/VoDptdK8AYigwS3IKblG+unV5xIdV4VQKy+nX5aT3f7vd5PMYs4arCQSYLbLRe0s7GxK6S9dtjai/TsHQ==",
      "requires": {
        "@opentelemetry/api-metrics": "0.27.0",
        "require-in-the-middle": "^5.0.3",
        "semver": "^7.3.2",
        "shimmer": "^1.2.1"
      }
    },
    "@opentelemetry/propagator-b3": {
      "version": "1.0.1",
      "resolved": "https://registry.npmjs.org/@opentelemetry/propagator-b3/-/propagator-b3-1.0.1.tgz",
      "integrity": "sha512-UQQiOpR/WXyoqIRQEkn6RuXtGfpjhBDMq/1HrVxRCRPMVn7f4e+zxZWoQSsCOvSGQTu9S+W8eAutm00sRJN7fg==",
      "requires": {
        "@opentelemetry/core": "1.0.1"
      }
    },
    "@opentelemetry/propagator-jaeger": {
      "version": "1.0.1",
      "resolved": "https://registry.npmjs.org/@opentelemetry/propagator-jaeger/-/propagator-jaeger-1.0.1.tgz",
      "integrity": "sha512-bzvXksBn3j0GyiFXQbx87CUSGC1UDyp4hjL+CCOrQfzIEdp6usKCLHv40Ib5WU6739hPMkyr59CPfKwzlviTtA==",
      "requires": {
        "@opentelemetry/core": "1.0.1"
      }
    },
    "@opentelemetry/resources": {
      "version": "1.0.1",
      "resolved": "https://registry.npmjs.org/@opentelemetry/resources/-/resources-1.0.1.tgz",
      "integrity": "sha512-p8DevOaAEepPucUtImR4cZKHOE2L1jgQAtkdZporV+XnxPA/HqCHPEESyUVuo4f5M0NUlL6k5Pba75KwNJlTRg==",
      "requires": {
        "@opentelemetry/core": "1.0.1",
        "@opentelemetry/semantic-conventions": "1.0.1"
      }
    },
    "@opentelemetry/sdk-trace-base": {
      "version": "1.0.1",
      "resolved": "https://registry.npmjs.org/@opentelemetry/sdk-trace-base/-/sdk-trace-base-1.0.1.tgz",
      "integrity": "sha512-JVSAepTpW7dnqfV7XFN0zHj1jXGNd5OcvIGQl76buogqffdgJdgJWQNrOuUJaus56zrOtlzqFH+YtMA9RGEg8w==",
      "requires": {
        "@opentelemetry/core": "1.0.1",
        "@opentelemetry/resources": "1.0.1",
        "@opentelemetry/semantic-conventions": "1.0.1"
      }
    },
    "@opentelemetry/sdk-trace-node": {
      "version": "1.0.1",
      "resolved": "https://registry.npmjs.org/@opentelemetry/sdk-trace-node/-/sdk-trace-node-1.0.1.tgz",
      "integrity": "sha512-0ifT2pEI5aXy14zDDUQkl3ODzY6jjaC1plbxyAuz5BdPxGJzav9vzIJ2BhEwfXDn1LKqpQ5D1Yy+XnNRQpOo3w==",
      "requires": {
        "@opentelemetry/context-async-hooks": "1.0.1",
        "@opentelemetry/core": "1.0.1",
        "@opentelemetry/propagator-b3": "1.0.1",
        "@opentelemetry/propagator-jaeger": "1.0.1",
        "@opentelemetry/sdk-trace-base": "1.0.1",
        "semver": "^7.3.5"
      }
    },
    "@opentelemetry/semantic-conventions": {
      "version": "1.0.1",
      "resolved": "https://registry.npmjs.org/@opentelemetry/semantic-conventions/-/semantic-conventions-1.0.1.tgz",
      "integrity": "sha512-7XU1sfQ8uCVcXLxtAHA8r3qaLJ2oq7sKtEwzZhzuEXqYmjW+n+J4yM3kNo0HQo3Xp1eUe47UM6Wy6yuAvIyllg=="
    },
    "bluebird": {
      "version": "3.7.2",
      "resolved": "https://registry.npmjs.org/bluebird/-/bluebird-3.7.2.tgz",
      "integrity": "sha512-XpNj6GDQzdfW+r2Wnn7xiSAd7TM3jzkxGXBGTtWKuSXv1xUV+azxAm8jdWZN06QTQk+2N2XB9jRDkvbmQmcRtg=="
    },
    "debug": {
      "version": "4.3.3",
      "resolved": "https://registry.npmjs.org/debug/-/debug-4.3.3.tgz",
      "integrity": "sha512-/zxw5+vh1Tfv+4Qn7a5nsbcJKPaSvCDhojn6FEl9vupwK2VCSDtEiEtqr8DFtzYFOdz63LBkxec7DYuc2jon6Q==",
      "requires": {
        "ms": "2.1.2"
      }
    },
    "function-bind": {
      "version": "1.1.1",
      "resolved": "https://registry.npmjs.org/function-bind/-/function-bind-1.1.1.tgz",
      "integrity": "sha512-yIovAzMX49sF8Yl58fSCWJ5svSLuaibPxXQJFLmBObTuCr0Mf1KiPopGM9NiFjiYBCbfaa2Fh6breQ6ANVTI0A=="
    },
    "has": {
      "version": "1.0.3",
      "resolved": "https://registry.npmjs.org/has/-/has-1.0.3.tgz",
      "integrity": "sha512-f2dvO0VU6Oej7RkWJGrehjbzMAjFp5/VKPp5tTpWIV4JHHZK1/BxbFRtf/siA2SWTe09caDmVtYYzWEIbBS4zw==",
      "requires": {
        "function-bind": "^1.1.1"
      }
    },
    "is-core-module": {
      "version": "2.8.1",
      "resolved": "https://registry.npmjs.org/is-core-module/-/is-core-module-2.8.1.tgz",
      "integrity": "sha512-SdNCUs284hr40hFTFP6l0IfZ/RSrMXF3qgoRHd3/79unUTvrFO/JoXwkGm+5J/Oe3E/b5GsnG330uUNgRpu1PA==",
      "requires": {
        "has": "^1.0.3"
      }
    },
    "lodash": {
      "version": "4.17.21",
      "resolved": "https://registry.npmjs.org/lodash/-/lodash-4.17.21.tgz",
      "integrity": "sha512-v2kDEe57lecTulaDIuNTPy3Ry4gLGJ6Z1O3vE1krgXZNrsQ+LFTGHVxVjcXPs17LhbZVGedAJv8XZ1tvj5FvSg=="
    },
    "lru-cache": {
      "version": "6.0.0",
      "resolved": "https://registry.npmjs.org/lru-cache/-/lru-cache-6.0.0.tgz",
      "integrity": "sha512-Jo6dJ04CmSjuznwJSS3pUeWmd/H0ffTlkXXgwZi+eq1UCmqQwCh+eLsYOYCwY991i2Fah4h1BEMCx4qThGbsiA==",
      "requires": {
        "yallist": "^4.0.0"
      }
    },
    "module-details-from-path": {
      "version": "1.0.3",
      "resolved": "https://registry.npmjs.org/module-details-from-path/-/module-details-from-path-1.0.3.tgz",
      "integrity": "sha1-EUyUlnPiqKNenTV4hSeqN7Z52is="
    },
    "ms": {
      "version": "2.1.2",
      "resolved": "https://registry.npmjs.org/ms/-/ms-2.1.2.tgz",
      "integrity": "sha512-sGkPx+VjMtmA6MX27oA4FBFELFCZZ4S4XqeGOXCv68tT+jb3vk/RyaKWP0PTKyWtmLSM0b+adUTEvbs1PEaH2w=="
    },
    "path-parse": {
      "version": "1.0.7",
      "resolved": "https://registry.npmjs.org/path-parse/-/path-parse-1.0.7.tgz",
      "integrity": "sha512-LDJzPVEEEPR+y48z93A0Ed0yXb8pAByGWo/k5YYdYgpY2/2EsOsksJrq7lOHxryrVOn1ejG6oAp8ahvOIQD8sw=="
    },
    "psl": {
      "version": "1.8.0",
      "resolved": "https://registry.npmjs.org/psl/-/psl-1.8.0.tgz",
      "integrity": "sha512-RIdOzyoavK+hA18OGGWDqUTsCLhtA7IcZ/6NCs4fFJaHBDab+pDDmDIByWFRQJq2Cd7r1OoQxBGKOaztq+hjIQ=="
    },
    "punycode": {
      "version": "2.1.1",
      "resolved": "https://registry.npmjs.org/punycode/-/punycode-2.1.1.tgz",
      "integrity": "sha512-XRsRjdf+j5ml+y/6GKHPZbrF/8p2Yga0JPtdqTIY2Xe5ohJPD9saDJJLPvp9+NSBprVvevdXZybnj2cv8OEd0A=="
    },
    "request-promise": {
      "version": "4.2.6",
      "resolved": "https://registry.npmjs.org/request-promise/-/request-promise-4.2.6.tgz",
      "integrity": "sha512-HCHI3DJJUakkOr8fNoCc73E5nU5bqITjOYFMDrKHYOXWXrgD/SBaC7LjwuPymUprRyuF06UK7hd/lMHkmUXglQ==",
      "requires": {
        "bluebird": "^3.5.0",
        "request-promise-core": "1.1.4",
        "stealthy-require": "^1.1.1",
        "tough-cookie": "^2.3.3"
      }
    },
    "request-promise-core": {
      "version": "1.1.4",
      "resolved": "https://registry.npmjs.org/request-promise-core/-/request-promise-core-1.1.4.tgz",
      "integrity": "sha512-TTbAfBBRdWD7aNNOoVOBH4pN/KigV6LyapYNNlAPA8JwbovRti1E88m3sYAwsLi5ryhPKsE9APwnjFTgdUjTpw==",
      "requires": {
        "lodash": "^4.17.19"
      }
    },
    "request-promise-native": {
      "version": "1.0.9",
      "resolved": "https://registry.npmjs.org/request-promise-native/-/request-promise-native-1.0.9.tgz",
      "integrity": "sha512-wcW+sIUiWnKgNY0dqCpOZkUbF/I+YPi+f09JZIDa39Ec+q82CpSYniDp+ISgTTbKmnpJWASeJBPZmoxH84wt3g==",
      "requires": {
        "request-promise-core": "1.1.4",
        "stealthy-require": "^1.1.1",
        "tough-cookie": "^2.3.3"
      }
    },
    "require-in-the-middle": {
      "version": "5.1.0",
      "resolved": "https://registry.npmjs.org/require-in-the-middle/-/require-in-the-middle-5.1.0.tgz",
      "integrity": "sha512-M2rLKVupQfJ5lf9OvqFGIT+9iVLnTmjgbOmpil12hiSQNn5zJTKGPoIisETNjfK+09vP3rpm1zJajmErpr2sEQ==",
      "requires": {
        "debug": "^4.1.1",
        "module-details-from-path": "^1.0.3",
        "resolve": "^1.12.0"
      }
    },
    "resolve": {
      "version": "1.22.0",
      "resolved": "https://registry.npmjs.org/resolve/-/resolve-1.22.0.tgz",
      "integrity": "sha512-Hhtrw0nLeSrFQ7phPp4OOcVjLPIeMnRlr5mcnVuMe7M/7eBn98A3hmFRLoFo3DLZkivSYwhRUJTyPyWAk56WLw==",
      "requires": {
        "is-core-module": "^2.8.1",
        "path-parse": "^1.0.7",
        "supports-preserve-symlinks-flag": "^1.0.0"
      }
    },
    "semver": {
      "version": "7.3.5",
      "resolved": "https://registry.npmjs.org/semver/-/semver-7.3.5.tgz",
      "integrity": "sha512-PoeGJYh8HK4BTO/a9Tf6ZG3veo/A7ZVsYrSA6J8ny9nb3B1VrpkuN+z9OE5wfE5p6H4LchYZsegiQgbJD94ZFQ==",
      "requires": {
        "lru-cache": "^6.0.0"
      }
    },
    "shimmer": {
      "version": "1.2.1",
      "resolved": "https://registry.npmjs.org/shimmer/-/shimmer-1.2.1.tgz",
      "integrity": "sha512-sQTKC1Re/rM6XyFM6fIAGHRPVGvyXfgzIDvzoq608vM+jeyVD0Tu1E6Np0Kc2zAIFWIj963V2800iF/9LPieQw=="
    },
    "stealthy-require": {
      "version": "1.1.1",
      "resolved": "https://registry.npmjs.org/stealthy-require/-/stealthy-require-1.1.1.tgz",
      "integrity": "sha1-NbCYdbT/SfJqd35QmzCQoyJr8ks="
    },
    "supports-preserve-symlinks-flag": {
      "version": "1.0.0",
      "resolved": "https://registry.npmjs.org/supports-preserve-symlinks-flag/-/supports-preserve-symlinks-flag-1.0.0.tgz",
      "integrity": "sha512-ot0WnXS9fgdkgIcePe6RHNk1WA8+muPa6cSjeR3V8K27q9BB1rTE3R1p7Hv0z1ZyAc8s6Vvv8DIyWf681MAt0w=="
    },
    "tough-cookie": {
      "version": "2.5.0",
      "resolved": "https://registry.npmjs.org/tough-cookie/-/tough-cookie-2.5.0.tgz",
      "integrity": "sha512-nlLsUzgm1kfLXSXfRZMc1KLAugd4hqJHDTvc2hDIwS3mZAfMEuMbc03SujMF+GEcpaX/qboeycw6iO8JwVv2+g==",
      "requires": {
        "psl": "^1.1.28",
        "punycode": "^2.1.1"
      }
    },
    "unique-names-generator": {
      "version": "4.7.1",
      "resolved": "https://registry.npmjs.org/unique-names-generator/-/unique-names-generator-4.7.1.tgz",
      "integrity": "sha512-lMx9dX+KRmG8sq6gulYYpKWZc9RlGsgBR6aoO8Qsm3qvkSJ+3rAymr+TnV8EDMrIrwuFJ4kruzMWM/OpYzPoow=="
    },
    "yallist": {
      "version": "4.0.0",
      "resolved": "https://registry.npmjs.org/yallist/-/yallist-4.0.0.tgz",
      "integrity": "sha512-3wdGidZyq5PB084XLES5TpOSRA3wjXAlIWMhum2kRcv/41Sn2emQ0dycQW4uZXLejwKvg6EsvbdlVL+FYEct7A=="
    }
  }
}
